// !$*UTF8*$!
{
	archiveVersion = 1;
	classes = {
	};
	objectVersion = 46;
	objects = {

/* Begin PBXBuildFile section */
		CEA85E531A68A48500EAE154 /* AppDelegate.swift in Sources */ = {isa = PBXBuildFile; fileRef = CEA85E521A68A48500EAE154 /* AppDelegate.swift */; };
		CEA85E551A68A48500EAE154 /* ViewController.swift in Sources */ = {isa = PBXBuildFile; fileRef = CEA85E541A68A48500EAE154 /* ViewController.swift */; };
		CEA85E581A68A48500EAE154 /* Main.storyboard in Resources */ = {isa = PBXBuildFile; fileRef = CEA85E561A68A48500EAE154 /* Main.storyboard */; };
		CEA85E5A1A68A48500EAE154 /* Images.xcassets in Resources */ = {isa = PBXBuildFile; fileRef = CEA85E591A68A48500EAE154 /* Images.xcassets */; };
		CEA85E5D1A68A48500EAE154 /* LaunchScreen.xib in Resources */ = {isa = PBXBuildFile; fileRef = CEA85E5B1A68A48500EAE154 /* LaunchScreen.xib */; };
		CEA85E691A68A48500EAE154 /* TestTests.swift in Sources */ = {isa = PBXBuildFile; fileRef = CEA85E681A68A48500EAE154 /* TestTests.swift */; };
/* End PBXBuildFile section */

/* Begin PBXContainerItemProxy section */
		CEA85E631A68A48500EAE154 /* PBXContainerItemProxy */ = {
			isa = PBXContainerItemProxy;
			containerPortal = CEA85E451A68A48400EAE154 /* Project object */;
			proxyType = 1;
			remoteGlobalIDString = CEA85E4C1A68A48400EAE154;
			remoteInfo = Test;
		};
/* End PBXContainerItemProxy section */

/* Begin PBXFileReference section */
		CEA85E4D1A68A48400EAE154 /* Test.app */ = {isa = PBXFileReference; explicitFileType = wrapper.application; includeInIndex = 0; path = Test.app; sourceTree = BUILT_PRODUCTS_DIR; };
		CEA85E511A68A48500EAE154 /* Info.plist */ = {isa = PBXFileReference; lastKnownFileType = text.plist.xml; path = Info.plist; sourceTree = "<group>"; };
		CEA85E521A68A48500EAE154 /* AppDelegate.swift */ = {isa = PBXFileReference; lastKnownFileType = sourcecode.swift; path = AppDelegate.swift; sourceTree = "<group>"; };
		CEA85E541A68A48500EAE154 /* ViewController.swift */ = {isa = PBXFileReference; lastKnownFileType = sourcecode.swift; path = ViewController.swift; sourceTree = "<group>"; };
		CEA85E571A68A48500EAE154 /* Base */ = {isa = PBXFileReference; lastKnownFileType = file.storyboard; name = Base; path = Base.lproj/Main.storyboard; sourceTree = "<group>"; };
		CEA85E591A68A48500EAE154 /* Images.xcassets */ = {isa = PBXFileReference; lastKnownFileType = folder.assetcatalog; path = Images.xcassets; sourceTree = "<group>"; };
		CEA85E5C1A68A48500EAE154 /* Base */ = {isa = PBXFileReference; lastKnownFileType = file.xib; name = Base; path = Base.lproj/LaunchScreen.xib; sourceTree = "<group>"; };
		CEA85E621A68A48500EAE154 /* TestTests.xctest */ = {isa = PBXFileReference; explicitFileType = wrapper.cfbundle; includeInIndex = 0; path = TestTests.xctest; sourceTree = BUILT_PRODUCTS_DIR; };
		CEA85E671A68A48500EAE154 /* Info.plist */ = {isa = PBXFileReference; lastKnownFileType = text.plist.xml; path = Info.plist; sourceTree = "<group>"; };
		CEA85E681A68A48500EAE154 /* TestTests.swift */ = {isa = PBXFileReference; lastKnownFileType = sourcecode.swift; path = TestTests.swift; sourceTree = "<group>"; };
/* End PBXFileReference section */

/* Begin PBXFrameworksBuildPhase section */
		CEA85E4A1A68A48400EAE154 /* Frameworks */ = {
			isa = PBXFrameworksBuildPhase;
			buildActionMask = 2147483647;
			files = (
			);
			runOnlyForDeploymentPostprocessing = 0;
		};
		CEA85E5F1A68A48500EAE154 /* Frameworks */ = {
			isa = PBXFrameworksBuildPhase;
			buildActionMask = 2147483647;
			files = (
			);
			runOnlyForDeploymentPostprocessing = 0;
		};
/* End PBXFrameworksBuildPhase section */

/* Begin PBXGroup section */
		CEA85E441A68A48400EAE154 = {
			isa = PBXGroup;
			children = (
				CEA85E4F1A68A48400EAE154 /* Test */,
				CEA85E651A68A48500EAE154 /* TestTests */,
				CEA85E4E1A68A48400EAE154 /* Products */,
			);
			sourceTree = "<group>";
		};
		CEA85E4E1A68A48400EAE154 /* Products */ = {
			isa = PBXGroup;
			children = (
				CEA85E4D1A68A48400EAE154 /* Test.app */,
				CEA85E621A68A48500EAE154 /* TestTests.xctest */,
			);
			name = Products;
			sourceTree = "<group>";
		};
		CEA85E4F1A68A48400EAE154 /* Test */ = {
			isa = PBXGroup;
			children = (
				CEA85E521A68A48500EAE154 /* AppDelegate.swift */,
				CEA85E541A68A48500EAE154 /* ViewController.swift */,
				CEA85E561A68A48500EAE154 /* Main.storyboard */,
				CEA85E591A68A48500EAE154 /* Images.xcassets */,
				CEA85E5B1A68A48500EAE154 /* LaunchScreen.xib */,
				CEA85E501A68A48500EAE154 /* Supporting Files */,
			);
			path = Test;
			sourceTree = "<group>";
		};
		CEA85E501A68A48500EAE154 /* Supporting Files */ = {
			isa = PBXGroup;
			children = (
				CEA85E511A68A48500EAE154 /* Info.plist */,
			);
			name = "Supporting Files";
			sourceTree = "<group>";
		};
		CEA85E651A68A48500EAE154 /* TestTests */ = {
			isa = PBXGroup;
			children = (
				CEA85E681A68A48500EAE154 /* TestTests.swift */,
				CEA85E661A68A48500EAE154 /* Supporting Files */,
			);
			path = TestTests;
			sourceTree = "<group>";
		};
		CEA85E661A68A48500EAE154 /* Supporting Files */ = {
			isa = PBXGroup;
			children = (
				CEA85E671A68A48500EAE154 /* Info.plist */,
			);
			name = "Supporting Files";
			sourceTree = "<group>";
		};
/* End PBXGroup section */

/* Begin PBXNativeTarget section */
		CEA85E4C1A68A48400EAE154 /* Test */ = {
			isa = PBXNativeTarget;
			buildConfigurationList = CEA85E6C1A68A48500EAE154 /* Build configuration list for PBXNativeTarget "Test" */;
			buildPhases = (
				CEA85E491A68A48400EAE154 /* Sources */,
				CEA85E4A1A68A48400EAE154 /* Frameworks */,
				CEA85E4B1A68A48400EAE154 /* Resources */,
			);
			buildRules = (
			);
			dependencies = (
			);
			name = Test;
			productName = Test;
			productReference = CEA85E4D1A68A48400EAE154 /* Test.app */;
			productType = "com.apple.product-type.application";
		};
		CEA85E611A68A48500EAE154 /* TestTests */ = {
			isa = PBXNativeTarget;
			buildConfigurationList = CEA85E6F1A68A48500EAE154 /* Build configuration list for PBXNativeTarget "TestTests" */;
			buildPhases = (
				CEA85E5E1A68A48500EAE154 /* Sources */,
				CEA85E5F1A68A48500EAE154 /* Frameworks */,
				CEA85E601A68A48500EAE154 /* Resources */,
			);
			buildRules = (
			);
			dependencies = (
				CEA85E641A68A48500EAE154 /* PBXTargetDependency */,
			);
			name = TestTests;
			productName = TestTests;
			productReference = CEA85E621A68A48500EAE154 /* TestTests.xctest */;
			productType = "com.apple.product-type.bundle.unit-test";
		};
/* End PBXNativeTarget section */

/* Begin PBXProject section */
		CEA85E451A68A48400EAE154 /* Project object */ = {
			isa = PBXProject;
			attributes = {
				LastUpgradeCheck = 0610;
				ORGANIZATIONNAME = "Eike Bartels";
				TargetAttributes = {
					CEA85E4C1A68A48400EAE154 = {
						CreatedOnToolsVersion = 6.1.1;
					};
					CEA85E611A68A48500EAE154 = {
						CreatedOnToolsVersion = 6.1.1;
						TestTargetID = CEA85E4C1A68A48400EAE154;
					};
				};
			};
			buildConfigurationList = CEA85E481A68A48400EAE154 /* Build configuration list for PBXProject "Test" */;
			compatibilityVersion = "Xcode 3.2";
			developmentRegion = English;
			hasScannedForEncodings = 0;
			knownRegions = (
				en,
				Base,
			);
			mainGroup = CEA85E441A68A48400EAE154;
			productRefGroup = CEA85E4E1A68A48400EAE154 /* Products */;
			projectDirPath = "";
			projectRoot = "";
			targets = (
				CEA85E4C1A68A48400EAE154 /* Test */,
				CEA85E611A68A48500EAE154 /* TestTests */,
			);
		};
/* End PBXProject section */

/* Begin PBXResourcesBuildPhase section */
		CEA85E4B1A68A48400EAE154 /* Resources */ = {
			isa = PBXResourcesBuildPhase;
			buildActionMask = 2147483647;
			files = (
				CEA85E581A68A48500EAE154 /* Main.storyboard in Resources */,
				CEA85E5D1A68A48500EAE154 /* LaunchScreen.xib in Resources */,
				CEA85E5A1A68A48500EAE154 /* Images.xcassets in Resources */,
			);
			runOnlyForDeploymentPostprocessing = 0;
		};
		CEA85E601A68A48500EAE154 /* Resources */ = {
			isa = PBXResourcesBuildPhase;
			buildActionMask = 2147483647;
			files = (
			);
			runOnlyForDeploymentPostprocessing = 0;
		};
/* End PBXResourcesBuildPhase section */

/* Begin PBXSourcesBuildPhase section */
		CEA85E491A68A48400EAE154 /* Sources */ = {
			isa = PBXSourcesBuildPhase;
			buildActionMask = 2147483647;
			files = (
				CEA85E551A68A48500EAE154 /* ViewController.swift in Sources */,
				CEA85E531A68A48500EAE154 /* AppDelegate.swift in Sources */,
			);
			runOnlyForDeploymentPostprocessing = 0;
		};
		CEA85E5E1A68A48500EAE154 /* Sources */ = {
			isa = PBXSourcesBuildPhase;
			buildActionMask = 2147483647;
			files = (
				CEA85E691A68A48500EAE154 /* TestTests.swift in Sources */,
			);
			runOnlyForDeploymentPostprocessing = 0;
		};
/* End PBXSourcesBuildPhase section */

/* Begin PBXTargetDependency section */
		CEA85E641A68A48500EAE154 /* PBXTargetDependency */ = {
			isa = PBXTargetDependency;
			target = CEA85E4C1A68A48400EAE154 /* Test */;
			targetProxy = CEA85E631A68A48500EAE154 /* PBXContainerItemProxy */;
		};
/* End PBXTargetDependency section */

/* Begin PBXVariantGroup section */
		CEA85E561A68A48500EAE154 /* Main.storyboard */ = {
			isa = PBXVariantGroup;
			children = (
				CEA85E571A68A48500EAE154 /* Base */,
			);
			name = Main.storyboard;
			sourceTree = "<group>";
		};
		CEA85E5B1A68A48500EAE154 /* LaunchScreen.xib */ = {
			isa = PBXVariantGroup;
			children = (
				CEA85E5C1A68A48500EAE154 /* Base */,
			);
			name = LaunchScreen.xib;
			sourceTree = "<group>";
		};
/* End PBXVariantGroup section */

/* Begin XCBuildConfiguration section */
		CEA85E6A1A68A48500EAE154 /* Debug */ = {
			isa = XCBuildConfiguration;
			buildSettings = {
				ALWAYS_SEARCH_USER_PATHS = NO;
				CLANG_CXX_LANGUAGE_STANDARD = "gnu++0x";
				CLANG_CXX_LIBRARY = "libc++";
				CLANG_ENABLE_MODULES = YES;
				CLANG_ENABLE_OBJC_ARC = YES;
				CLANG_WARN_BOOL_CONVERSION = YES;
				CLANG_WARN_CONSTANT_CONVERSION = YES;
				CLANG_WARN_DIRECT_OBJC_ISA_USAGE = YES_ERROR;
				CLANG_WARN_EMPTY_BODY = YES;
				CLANG_WARN_ENUM_CONVERSION = YES;
				CLANG_WARN_INT_CONVERSION = YES;
				CLANG_WARN_OBJC_ROOT_CLASS = YES_ERROR;
				CLANG_WARN_UNREACHABLE_CODE = YES;
				CLANG_WARN__DUPLICATE_METHOD_MATCH = YES;
				"CODE_SIGN_IDENTITY[sdk=iphoneos*]" = "iPhone Developer";
				COPY_PHASE_STRIP = NO;
				ENABLE_STRICT_OBJC_MSGSEND = YES;
				GCC_C_LANGUAGE_STANDARD = gnu99;
				GCC_DYNAMIC_NO_PIC = NO;
				GCC_OPTIMIZATION_LEVEL = 0;
				GCC_PREPROCESSOR_DEFINITIONS = (
					"DEBUG=1",
					"$(inherited)",
				);
				GCC_SYMBOLS_PRIVATE_EXTERN = NO;
				GCC_WARN_64_TO_32_BIT_CONVERSION = YES;
				GCC_WARN_ABOUT_RETURN_TYPE = YES_ERROR;
				GCC_WARN_UNDECLARED_SELECTOR = YES;
				GCC_WARN_UNINITIALIZED_AUTOS = YES_AGGRESSIVE;
				GCC_WARN_UNUSED_FUNCTION = YES;
				GCC_WARN_UNUSED_VARIABLE = YES;
				IPHONEOS_DEPLOYMENT_TARGET = 8.1;
				MTL_ENABLE_DEBUG_INFO = YES;
				ONLY_ACTIVE_ARCH = YES;
				SDKROOT = iphoneos;
				SWIFT_OPTIMIZATION_LEVEL = "-Onone";
				TARGETED_DEVICE_FAMILY = 2;
			};
			name = Debug;
		};
		CEA85E6B1A68A48500EAE154 /* Release */ = {
			isa = XCBuildConfiguration;
			buildSettings = {
				ALWAYS_SEARCH_USER_PATHS = NO;
				CLANG_CXX_LANGUAGE_STANDARD = "gnu++0x";
				CLANG_CXX_LIBRARY = "libc++";
				CLANG_ENABLE_MODULES = YES;
				CLANG_ENABLE_OBJC_ARC = YES;
				CLANG_WARN_BOOL_CONVERSION = YES;
				CLANG_WARN_CONSTANT_CONVERSION = YES;
				CLANG_WARN_DIRECT_OBJC_ISA_USAGE = YES_ERROR;
				CLANG_WARN_EMPTY_BODY = YES;
				CLANG_WARN_ENUM_CONVERSION = YES;
				CLANG_WARN_INT_CONVERSION = YES;
				CLANG_WARN_OBJC_ROOT_CLASS = YES_ERROR;
				CLANG_WARN_UNREACHABLE_CODE = YES;
				CLANG_WARN__DUPLICATE_METHOD_MATCH = YES;
				"CODE_SIGN_IDENTITY[sdk=iphoneos*]" = "iPhone Developer";
				COPY_PHASE_STRIP = YES;
				ENABLE_NS_ASSERTIONS = NO;
				ENABLE_STRICT_OBJC_MSGSEND = YES;
				GCC_C_LANGUAGE_STANDARD = gnu99;
				GCC_WARN_64_TO_32_BIT_CONVERSION = YES;
				GCC_WARN_ABOUT_RETURN_TYPE = YES_ERROR;
				GCC_WARN_UNDECLARED_SELECTOR = YES;
				GCC_WARN_UNINITIALIZED_AUTOS = YES_AGGRESSIVE;
				GCC_WARN_UNUSED_FUNCTION = YES;
				GCC_WARN_UNUSED_VARIABLE = YES;
				IPHONEOS_DEPLOYMENT_TARGET = 8.1;
				MTL_ENABLE_DEBUG_INFO = NO;
				SDKROOT = iphoneos;
				TARGETED_DEVICE_FAMILY = 2;
				VALIDATE_PRODUCT = YES;
			};
			name = Release;
		};
		CEA85E6D1A68A48500EAE154 /* Debug */ = {
			isa = XCBuildConfiguration;
			buildSettings = {
				ASSETCATALOG_COMPILER_APPICON_NAME = AppIcon;
				INFOPLIST_FILE = Test/Info.plist;
				LD_RUNPATH_SEARCH_PATHS = "$(inherited) @executable_path/Frameworks";
				PRODUCT_NAME = "$(TARGET_NAME)";
			};
			name = Debug;
		};
		CEA85E6E1A68A48500EAE154 /* Release */ = {
			isa = XCBuildConfiguration;
			buildSettings = {
				ASSETCATALOG_COMPILER_APPICON_NAME = AppIcon;
				INFOPLIST_FILE = Test/Info.plist;
				LD_RUNPATH_SEARCH_PATHS = "$(inherited) @executable_path/Frameworks";
				PRODUCT_NAME = "$(TARGET_NAME)";
			};
			name = Release;
		};
		CEA85E701A68A48500EAE154 /* Debug */ = {
			isa = XCBuildConfiguration;
			buildSettings = {
				BUNDLE_LOADER = "$(TEST_HOST)";
				FRAMEWORK_SEARCH_PATHS = (
					"$(SDKROOT)/Developer/Library/Frameworks",
					"$(inherited)",
				);
				GCC_PREPROCESSOR_DEFINITIONS = (
					"DEBUG=1",
					"$(inherited)",
				);
				INFOPLIST_FILE = TestTests/Info.plist;
				LD_RUNPATH_SEARCH_PATHS = "$(inherited) @executable_path/Frameworks @loader_path/Frameworks";
				PRODUCT_NAME = "$(TARGET_NAME)";
				TEST_HOST = "$(BUILT_PRODUCTS_DIR)/Test.app/Test";
			};
			name = Debug;
		};
		CEA85E711A68A48500EAE154 /* Release */ = {
			isa = XCBuildConfiguration;
			buildSettings = {
				BUNDLE_LOADER = "$(TEST_HOST)";
				FRAMEWORK_SEARCH_PATHS = (
					"$(SDKROOT)/Developer/Library/Frameworks",
					"$(inherited)",
				);
				INFOPLIST_FILE = TestTests/Info.plist;
				LD_RUNPATH_SEARCH_PATHS = "$(inherited) @executable_path/Frameworks @loader_path/Frameworks";
				PRODUCT_NAME = "$(TARGET_NAME)";
				TEST_HOST = "$(BUILT_PRODUCTS_DIR)/Test.app/Test";
			};
			name = Release;
		};
/* End XCBuildConfiguration section */

/* Begin XCConfigurationList section */
		CEA85E481A68A48400EAE154 /* Build configuration list for PBXProject "Test" */ = {
			isa = XCConfigurationList;
			buildConfigurations = (
				CEA85E6A1A68A48500EAE154 /* Debug */,
				CEA85E6B1A68A48500EAE154 /* Release */,
			);
			defaultConfigurationIsVisible = 0;
			defaultConfigurationName = Release;
		};
		CEA85E6C1A68A48500EAE154 /* Build configuration list for PBXNativeTarget "Test" */ = {
			isa = XCConfigurationList;
			buildConfigurations = (
				CEA85E6D1A68A48500EAE154 /* Debug */,
				CEA85E6E1A68A48500EAE154 /* Release */,
			);
			defaultConfigurationIsVisible = 0;
		};
		CEA85E6F1A68A48500EAE154 /* Build configuration list for PBXNativeTarget "TestTests" */ = {
			isa = XCConfigurationList;
			buildConfigurations = (
				CEA85E701A68A48500EAE154 /* Debug */,
				CEA85E711A68A48500EAE154 /* Release */,
			);
			defaultConfigurationIsVisible = 0;
		};
/* End XCConfigurationList section */
	};
	rootObject = CEA85E451A68A48400EAE154 /* Project object */;
}
